
Microsoft Visual Studio Solution File, Format Version 12.00
# Visual Studio Version 17
VisualStudioVersion = 17.6.33815.320
MinimumVisualStudioVersion = 10.0.40219.1
Project("{FAE04EC0-301F-11D3-BF4B-00C04F79EFBC}") = "TP", "TP\TP.csproj", "{3D7A95B7-0603-4B7E-A53B-AC6C50C86302}"
EndProject
Project("{930C7802-8A8C-48F9-8165-68863BCCD9DD}") = "TP Project", "TP Project\TP Project.wixproj", "{0B2D5D11-8578-49EE-9E4E-4C0A8304940A}"
EndProject
Global
	GlobalSection(SolutionConfigurationPlatforms) = preSolution
		Debug|Any CPU = Debug|Any CPU
		Debug|x86 = Debug|x86
		Release|Any CPU = Release|Any CPU
		Release|x86 = Release|x86
	EndGlobalSection
	GlobalSection(ProjectConfigurationPlatforms) = postSolution
		{3D7A95B7-0603-4B7E-A53B-AC6C50C86302}.Debug|Any CPU.ActiveCfg = Debug|Any CPU
		{3D7A95B7-0603-4B7E-A53B-AC6C50C86302}.Debug|Any CPU.Build.0 = Debug|Any CPU
		{3D7A95B7-0603-4B7E-A53B-AC6C50C86302}.Debug|x86.ActiveCfg = Debug|Any CPU
		{3D7A95B7-0603-4B7E-A53B-AC6C50C86302}.Debug|x86.Build.0 = Debug|Any CPU
		{3D7A95B7-0603-4B7E-A53B-AC6C50C86302}.Release|Any CPU.ActiveCfg = Release|Any CPU
		{3D7A95B7-0603-4B7E-A53B-AC6C50C86302}.Release|Any CPU.Build.0 = Release|Any CPU
		{3D7A95B7-0603-4B7E-A53B-AC6C50C86302}.Release|x86.ActiveCfg = Release|Any CPU
		{3D7A95B7-0603-4B7E-A53B-AC6C50C86302}.Release|x86.Build.0 = Release|Any CPU
		{0B2D5D11-8578-49EE-9E4E-4C0A8304940A}.Debug|Any CPU.ActiveCfg = Debug|x86
		{0B2D5D11-8578-49EE-9E4E-4C0A8304940A}.Debug|Any CPU.Build.0 = Debug|x86
		{0B2D5D11-8578-49EE-9E4E-4C0A8304940A}.Debug|x86.ActiveCfg = Debug|x86
		{0B2D5D11-8578-49EE-9E4E-4C0A8304940A}.Debug|x86.Build.0 = Debug|x86
		{0B2D5D11-8578-49EE-9E4E-4C0A8304940A}.Release|Any CPU.ActiveCfg = Release|x86
		{0B2D5D11-8578-49EE-9E4E-4C0A8304940A}.Release|Any CPU.Build.0 = Release|x86
		{0B2D5D11-8578-49EE-9E4E-4C0A8304940A}.Release|x86.ActiveCfg = Release|x86
		{0B2D5D11-8578-49EE-9E4E-4C0A8304940A}.Release|x86.Build.0 = Release|x86
	EndGlobalSection
	GlobalSection(SolutionProperties) = preSolution
		HideSolutionNode = FALSE
	EndGlobalSection
	GlobalSection(ExtensibilityGlobals) = postSolution
		SolutionGuid = {550014EA-033F-4535-9384-01F93B9D8E1E}
	EndGlobalSection
EndGlobal
